
Microsoft Visual Studio Solution File, Format Version 12.00
# Visual Studio 15
VisualStudioVersion = 15.0.28307.106
MinimumVisualStudioVersion = 10.0.40219.1
Project("{9A19103F-16F7-4668-BE54-9A1E7A4F7556}") = "Reminder.Storage.WebApi.Client", "..\Reminder.Storage\Reminder.Storage.WebApi.Client\Reminder.Storage.WebApi.Client.csproj", "{65CA034B-10C9-4B0F-B69F-7F9861B15344}"
EndProject
Project("{9A19103F-16F7-4668-BE54-9A1E7A4F7556}") = "Reminder.Storage.WebApi.Core", "..\Reminder.Storage\Reminder.Storage.WebApi.Core\Reminder.Storage.WebApi.Core.csproj", "{AD8CE00D-DB9F-4D25-BEB8-3969C2E232D3}"
EndProject
Project("{9A19103F-16F7-4668-BE54-9A1E7A4F7556}") = "TesrWebApiClient", "TesrWebApiClient\TesrWebApiClient.csproj", "{572FD677-9975-4583-8E2A-E91F42AED1BD}"
EndProject
Project("{9A19103F-16F7-4668-BE54-9A1E7A4F7556}") = "Reminder.Storage.Core", "..\Reminder.Storage\Reminder.Storage.Core\Reminder.Storage.Core.csproj", "{FE89D03D-102E-4FAD-B089-C8F98951218F}"
EndProject
Project("{9A19103F-16F7-4668-BE54-9A1E7A4F7556}") = "Reminder.Domain.Tests", "Reminder.Domain.Tests\Reminder.Domain.Tests.csproj", "{6C960C2E-DBF1-4AE0-9703-43215178C7BB}"
EndProject
Project("{9A19103F-16F7-4668-BE54-9A1E7A4F7556}") = "Reminder.App", "Reminder.App\Reminder.App.csproj", "{EE259530-B25A-4DFB-95F9-1C800EF01215}"
EndProject
Project("{9A19103F-16F7-4668-BE54-9A1E7A4F7556}") = "Reminder.Domain", "Reminder.Domain\Reminder.Domain.csproj", "{946ED567-F0E4-4FB2-AB34-795B279CA31F}"
EndProject
Project("{9A19103F-16F7-4668-BE54-9A1E7A4F7556}") = "Reminder.Parsing", "Reminder.Parsing\Reminder.Parsing.csproj", "{AE4DA11E-724D-49E9-9075-29A8D12062BF}"
EndProject
Project("{9A19103F-16F7-4668-BE54-9A1E7A4F7556}") = "Reminder.Parsing.Tests", "Reminder.Parsing.Tests\Reminder.Parsing.Tests.csproj", "{92184BE2-7AF5-4866-B41B-1A35B93FF998}"
EndProject
Project("{9A19103F-16F7-4668-BE54-9A1E7A4F7556}") = "Reminder.Receiver.Core", "Reminder.Receiver.Core\Reminder.Receiver.Core.csproj", "{49E8FFD8-5F80-42E7-93D4-18AA26B7E514}"
EndProject
Project("{9A19103F-16F7-4668-BE54-9A1E7A4F7556}") = "Reminder.Receiver.Telegram", "Reminder.Receiver.Telegram\Reminder.Receiver.Telegram.csproj", "{0D0200A4-1C72-4891-BA6C-0376D0188376}"
EndProject
Project("{9A19103F-16F7-4668-BE54-9A1E7A4F7556}") = "Reminder.Receiver.Telegram.Tests", "Reminder.Receiver.Telegram.Tests\Reminder.Receiver.Telegram.Tests.csproj", "{D63B9BA8-4721-4C6D-BA4E-72E6CF912718}"
EndProject
Project("{9A19103F-16F7-4668-BE54-9A1E7A4F7556}") = "Reminder.Sender.Core", "Reminder.Sender.Core\Reminder.Sender.Core.csproj", "{22667D07-41C4-45D6-87FB-D07F5B597736}"
EndProject
Project("{9A19103F-16F7-4668-BE54-9A1E7A4F7556}") = "Reminder.Sender.Telegram", "Reminder.Sender.Telegram\Reminder.Sender.Telegram.csproj", "{1412A8D6-F14B-4E3F-949D-86152E9DADBF}"
EndProject
Global
	GlobalSection(SolutionConfigurationPlatforms) = preSolution
		Debug|Any CPU = Debug|Any CPU
		Release|Any CPU = Release|Any CPU
	EndGlobalSection
	GlobalSection(ProjectConfigurationPlatforms) = postSolution
		{65CA034B-10C9-4B0F-B69F-7F9861B15344}.Debug|Any CPU.ActiveCfg = Debug|Any CPU
		{65CA034B-10C9-4B0F-B69F-7F9861B15344}.Debug|Any CPU.Build.0 = Debug|Any CPU
		{65CA034B-10C9-4B0F-B69F-7F9861B15344}.Release|Any CPU.ActiveCfg = Release|Any CPU
		{65CA034B-10C9-4B0F-B69F-7F9861B15344}.Release|Any CPU.Build.0 = Release|Any CPU
		{AD8CE00D-DB9F-4D25-BEB8-3969C2E232D3}.Debug|Any CPU.ActiveCfg = Debug|Any CPU
		{AD8CE00D-DB9F-4D25-BEB8-3969C2E232D3}.Debug|Any CPU.Build.0 = Debug|Any CPU
		{AD8CE00D-DB9F-4D25-BEB8-3969C2E232D3}.Release|Any CPU.ActiveCfg = Release|Any CPU
		{AD8CE00D-DB9F-4D25-BEB8-3969C2E232D3}.Release|Any CPU.Build.0 = Release|Any CPU
		{572FD677-9975-4583-8E2A-E91F42AED1BD}.Debug|Any CPU.ActiveCfg = Debug|Any CPU
		{572FD677-9975-4583-8E2A-E91F42AED1BD}.Debug|Any CPU.Build.0 = Debug|Any CPU
		{572FD677-9975-4583-8E2A-E91F42AED1BD}.Release|Any CPU.ActiveCfg = Release|Any CPU
		{572FD677-9975-4583-8E2A-E91F42AED1BD}.Release|Any CPU.Build.0 = Release|Any CPU
		{FE89D03D-102E-4FAD-B089-C8F98951218F}.Debug|Any CPU.ActiveCfg = Debug|Any CPU
		{FE89D03D-102E-4FAD-B089-C8F98951218F}.Debug|Any CPU.Build.0 = Debug|Any CPU
		{FE89D03D-102E-4FAD-B089-C8F98951218F}.Release|Any CPU.ActiveCfg = Release|Any CPU
		{FE89D03D-102E-4FAD-B089-C8F98951218F}.Release|Any CPU.Build.0 = Release|Any CPU
		{6C960C2E-DBF1-4AE0-9703-43215178C7BB}.Debug|Any CPU.ActiveCfg = Debug|Any CPU
		{6C960C2E-DBF1-4AE0-9703-43215178C7BB}.Debug|Any CPU.Build.0 = Debug|Any CPU
		{6C960C2E-DBF1-4AE0-9703-43215178C7BB}.Release|Any CPU.ActiveCfg = Release|Any CPU
		{6C960C2E-DBF1-4AE0-9703-43215178C7BB}.Release|Any CPU.Build.0 = Release|Any CPU
		{EE259530-B25A-4DFB-95F9-1C800EF01215}.Debug|Any CPU.ActiveCfg = Debug|Any CPU
		{EE259530-B25A-4DFB-95F9-1C800EF01215}.Debug|Any CPU.Build.0 = Debug|Any CPU
		{EE259530-B25A-4DFB-95F9-1C800EF01215}.Release|Any CPU.ActiveCfg = Release|Any CPU
		{EE259530-B25A-4DFB-95F9-1C800EF01215}.Release|Any CPU.Build.0 = Release|Any CPU
		{946ED567-F0E4-4FB2-AB34-795B279CA31F}.Debug|Any CPU.ActiveCfg = Debug|Any CPU
		{946ED567-F0E4-4FB2-AB34-795B279CA31F}.Debug|Any CPU.Build.0 = Debug|Any CPU
		{946ED567-F0E4-4FB2-AB34-795B279CA31F}.Release|Any CPU.ActiveCfg = Release|Any CPU
		{946ED567-F0E4-4FB2-AB34-795B279CA31F}.Release|Any CPU.Build.0 = Release|Any CPU
		{AE4DA11E-724D-49E9-9075-29A8D12062BF}.Debug|Any CPU.ActiveCfg = Debug|Any CPU
		{AE4DA11E-724D-49E9-9075-29A8D12062BF}.Debug|Any CPU.Build.0 = Debug|Any CPU
		{AE4DA11E-724D-49E9-9075-29A8D12062BF}.Release|Any CPU.ActiveCfg = Release|Any CPU
		{AE4DA11E-724D-49E9-9075-29A8D12062BF}.Release|Any CPU.Build.0 = Release|Any CPU
		{92184BE2-7AF5-4866-B41B-1A35B93FF998}.Debug|Any CPU.ActiveCfg = Debug|Any CPU
		{92184BE2-7AF5-4866-B41B-1A35B93FF998}.Debug|Any CPU.Build.0 = Debug|Any CPU
		{92184BE2-7AF5-4866-B41B-1A35B93FF998}.Release|Any CPU.ActiveCfg = Release|Any CPU
		{92184BE2-7AF5-4866-B41B-1A35B93FF998}.Release|Any CPU.Build.0 = Release|Any CPU
		{49E8FFD8-5F80-42E7-93D4-18AA26B7E514}.Debug|Any CPU.ActiveCfg = Debug|Any CPU
		{49E8FFD8-5F80-42E7-93D4-18AA26B7E514}.Debug|Any CPU.Build.0 = Debug|Any CPU
		{49E8FFD8-5F80-42E7-93D4-18AA26B7E514}.Release|Any CPU.ActiveCfg = Release|Any CPU
		{49E8FFD8-5F80-42E7-93D4-18AA26B7E514}.Release|Any CPU.Build.0 = Release|Any CPU
		{0D0200A4-1C72-4891-BA6C-0376D0188376}.Debug|Any CPU.ActiveCfg = Debug|Any CPU
		{0D0200A4-1C72-4891-BA6C-0376D0188376}.Debug|Any CPU.Build.0 = Debug|Any CPU
		{0D0200A4-1C72-4891-BA6C-0376D0188376}.Release|Any CPU.ActiveCfg = Release|Any CPU
		{0D0200A4-1C72-4891-BA6C-0376D0188376}.Release|Any CPU.Build.0 = Release|Any CPU
		{D63B9BA8-4721-4C6D-BA4E-72E6CF912718}.Debug|Any CPU.ActiveCfg = Debug|Any CPU
		{D63B9BA8-4721-4C6D-BA4E-72E6CF912718}.Debug|Any CPU.Build.0 = Debug|Any CPU
		{D63B9BA8-4721-4C6D-BA4E-72E6CF912718}.Release|Any CPU.ActiveCfg = Release|Any CPU
		{D63B9BA8-4721-4C6D-BA4E-72E6CF912718}.Release|Any CPU.Build.0 = Release|Any CPU
		{22667D07-41C4-45D6-87FB-D07F5B597736}.Debug|Any CPU.ActiveCfg = Debug|Any CPU
		{22667D07-41C4-45D6-87FB-D07F5B597736}.Debug|Any CPU.Build.0 = Debug|Any CPU
		{22667D07-41C4-45D6-87FB-D07F5B597736}.Release|Any CPU.ActiveCfg = Release|Any CPU
		{22667D07-41C4-45D6-87FB-D07F5B597736}.Release|Any CPU.Build.0 = Release|Any CPU
		{1412A8D6-F14B-4E3F-949D-86152E9DADBF}.Debug|Any CPU.ActiveCfg = Debug|Any CPU
		{1412A8D6-F14B-4E3F-949D-86152E9DADBF}.Debug|Any CPU.Build.0 = Debug|Any CPU
		{1412A8D6-F14B-4E3F-949D-86152E9DADBF}.Release|Any CPU.ActiveCfg = Release|Any CPU
		{1412A8D6-F14B-4E3F-949D-86152E9DADBF}.Release|Any CPU.Build.0 = Release|Any CPU
	EndGlobalSection
	GlobalSection(SolutionProperties) = preSolution
		HideSolutionNode = FALSE
	EndGlobalSection
	GlobalSection(ExtensibilityGlobals) = postSolution
		SolutionGuid = {0261AD6E-1FB7-44CE-8FCB-0A4FC7E0405E}
	EndGlobalSection
EndGlobal
